
Microsoft Visual Studio Solution File, Format Version 12.00
# Visual Studio Version 17
VisualStudioVersion = 17.13.35913.81 d17.13
MinimumVisualStudioVersion = 10.0.40219.1
Project("{FAE04EC0-301F-11D3-BF4B-00C04F79EFBC}") = "KattisCalculator", "KattisCalculator.csproj", "{C55B9B0C-1578-47F0-A136-C5E5CAD3F076}"
EndProject
Global
	GlobalSection(SolutionConfigurationPlatforms) = preSolution
		Debug|Any CPU = Debug|Any CPU
		Release|Any CPU = Release|Any CPU
	EndGlobalSection
	GlobalSection(ProjectConfigurationPlatforms) = postSolution
		{C55B9B0C-1578-47F0-A136-C5E5CAD3F076}.Debug|Any CPU.ActiveCfg = Debug|Any CPU
		{C55B9B0C-1578-47F0-A136-C5E5CAD3F076}.Debug|Any CPU.Build.0 = Debug|Any CPU
		{C55B9B0C-1578-47F0-A136-C5E5CAD3F076}.Release|Any CPU.ActiveCfg = Release|Any CPU
		{C55B9B0C-1578-47F0-A136-C5E5CAD3F076}.Release|Any CPU.Build.0 = Release|Any CPU
	EndGlobalSection
	GlobalSection(SolutionProperties) = preSolution
		HideSolutionNode = FALSE
	EndGlobalSection
	GlobalSection(ExtensibilityGlobals) = postSolution
		SolutionGuid = {8E626AB6-D0B8-4689-83F7-62D78E3EFD3C}
	EndGlobalSection
EndGlobal
